<?xml version="1.0" encoding="utf-8"?>
<Project ToolsVersion="4.0" xmlns="http://schemas.microsoft.com/developer/msbuild/2003">
  <ItemGroup>
    <ClCompile Include="Source\Window.cpp" />
    <ClCompile Include="Source\Textures.cpp" />
    <ClCompile Include="Source\Render.cpp" />
    <ClCompile Include="Source\Main.cpp" />
    <ClCompile Include="Source\Input.cpp" />
    <ClCompile Include="Source\Audio.cpp" />
    <ClCompile Include="Source\App.cpp" />
    <ClCompile Include="Source\Log.cpp">
      <Filter>Utils</Filter>
    </ClCompile>
    <ClCompile Include="Source\External\PugiXml\src\pugixml.cpp">
      <Filter>External\PugiXml</Filter>
    </ClCompile>
    <ClCompile Include="Source\Map.cpp" />
    <ClCompile Include="Source\Collider.cpp">
      <Filter>Physics</Filter>
    </ClCompile>
    <ClCompile Include="Source\Collisions.cpp">
      <Filter>Physics</Filter>
    </ClCompile>
    <ClCompile Include="Source\SceneWin.cpp">
      <Filter>Game</Filter>
    </ClCompile>
    <ClCompile Include="Source\SceneStart.cpp">
      <Filter>Game</Filter>
    </ClCompile>
    <ClCompile Include="Source\SceneLose.cpp">
      <Filter>Game</Filter>
    </ClCompile>
    <ClCompile Include="Source\SceneGame.cpp">
      <Filter>Game</Filter>
    </ClCompile>
    <ClCompile Include="Source\Timer.cpp">
      <Filter>Time</Filter>
    </ClCompile>
    <ClCompile Include="Source\PerfTimer.cpp">
      <Filter>Time</Filter>
    </ClCompile>
    <ClCompile Include="Source\Player.cpp">
      <Filter>Entities</Filter>
    </ClCompile>
    <ClCompile Include="Source\FadeToBlack.cpp">
      <Filter>Time</Filter>
    </ClCompile>
    <ClCompile Include="Source\PathFinding.cpp" />
    <ClCompile Include="Source\Enemy.cpp">
      <Filter>Entities</Filter>
    </ClCompile>
    <ClCompile Include="Source\Checkpoint.cpp">
      <Filter>Entities</Filter>
    </ClCompile>
    <ClCompile Include="Source\EntityManager.cpp" />
    <ClCompile Include="Source\Coin.cpp">
      <Filter>Entities</Filter>
    </ClCompile>
    <ClCompile Include="Source\EntityProperties.h">
      <Filter>Entities</Filter>
    </ClCompile>
  </ItemGroup>
  <ItemGroup>
    <ClInclude Include="Source\Window.h" />
    <ClInclude Include="Source\Textures.h" />
    <ClInclude Include="Source\Render.h" />
    <ClInclude Include="Source\Module.h" />
    <ClInclude Include="Source\Input.h" />
    <ClInclude Include="Source\Audio.h" />
    <ClInclude Include="Source\App.h" />
    <ClInclude Include="Source\Defs.h">
      <Filter>Utils</Filter>
    </ClInclude>
    <ClInclude Include="Source\DynArray.h">
      <Filter>Utils</Filter>
    </ClInclude>
    <ClInclude Include="Source\List.h">
      <Filter>Utils</Filter>
    </ClInclude>
    <ClInclude Include="Source\Log.h">
      <Filter>Utils</Filter>
    </ClInclude>
    <ClInclude Include="Source\Point.h">
      <Filter>Utils</Filter>
    </ClInclude>
    <ClInclude Include="Source\SString.h">
      <Filter>Utils</Filter>
    </ClInclude>
    <ClInclude Include="Source\External\PugiXml\src\pugiconfig.hpp">
      <Filter>External\PugiXml</Filter>
    </ClInclude>
    <ClInclude Include="Source\External\PugiXml\src\pugixml.hpp">
      <Filter>External\PugiXml</Filter>
    </ClInclude>
    <ClInclude Include="Source\Map.h" />
    <ClInclude Include="Source\Collider.h">
      <Filter>Physics</Filter>
    </ClInclude>
    <ClInclude Include="Source\Collisions.h">
      <Filter>Physics</Filter>
    </ClInclude>
    <ClInclude Include="Source\SceneWin.h">
      <Filter>Game</Filter>
    </ClInclude>
    <ClInclude Include="Source\SceneStart.h">
      <Filter>Game</Filter>
    </ClInclude>
    <ClInclude Include="Source\Animation.h" />
    <ClInclude Include="Source\SceneLose.h">
      <Filter>Game</Filter>
    </ClInclude>
    <ClInclude Include="Source\SceneGame.h">
      <Filter>Game</Filter>
    </ClInclude>
    <ClInclude Include="Source\Timer.h">
      <Filter>Time</Filter>
    </ClInclude>
    <ClInclude Include="Source\PerfTimer.h">
      <Filter>Time</Filter>
    </ClInclude>
    <ClInclude Include="Source\Player.h">
      <Filter>Entities</Filter>
    </ClInclude>
    <ClInclude Include="Source\Platform.h">
      <Filter>Entities</Filter>
    </ClInclude>
    <ClInclude Include="Source\FadeToBlack.h">
      <Filter>Time</Filter>
    </ClInclude>
    <ClInclude Include="Source\PathFinding.h" />
    <ClInclude Include="Source\Queue.h">
      <Filter>Utils</Filter>
    </ClInclude>
    <ClInclude Include="Source\PQueue.h">
      <Filter>Utils</Filter>
    </ClInclude>
    <ClInclude Include="Source\Enemy.h">
      <Filter>Entities</Filter>
    </ClInclude>
    <ClInclude Include="Source\Checkpoint.h">
      <Filter>Entities</Filter>
    </ClInclude>
    <ClInclude Include="Source\PlayerAtack.h">
      <Filter>Entities</Filter>
    </ClInclude>
    <ClInclude Include="Source\EntityManager.h" />
    <ClInclude Include="Source\Entity.h">
      <Filter>Entities</Filter>
    </ClInclude>
    <ClInclude Include="Source\Coin.h">
      <Filter>Entities</Filter>
    </ClInclude>
  </ItemGroup>
  <ItemGroup>
    <Filter Include="External">
      <UniqueIdentifier>{83a966c7-b4bb-4eff-9c2c-3ff3c7b55a60}</UniqueIdentifier>
    </Filter>
    <Filter Include="External\PugiXml">
      <UniqueIdentifier>{2855ff7f-53a1-413d-a75b-18b4ade921dd}</UniqueIdentifier>
    </Filter>
    <Filter Include="Game">
      <UniqueIdentifier>{d32df307-af95-4c03-a192-2160a81f3f35}</UniqueIdentifier>
    </Filter>
    <Filter Include="Physics">
      <UniqueIdentifier>{1644c759-3c5c-4087-8fb7-b921a6bf5b02}</UniqueIdentifier>
    </Filter>
    <Filter Include="Utils">
      <UniqueIdentifier>{2cad778a-d356-48b0-9fee-587f1bbb187e}</UniqueIdentifier>
    </Filter>
    <Filter Include="Time">
      <UniqueIdentifier>{51c59564-e6f2-4d66-9100-4a409343d1e3}</UniqueIdentifier>
    </Filter>
    <Filter Include="Entities">
      <UniqueIdentifier>{5e8dcc73-6da4-47fd-ae71-28f7a7988d61}</UniqueIdentifier>
    </Filter>
  </ItemGroup>
</Project>